{
  "format": 1,
  "packages": [
    {
      "commit": "933691600cf10e81b1f53d9919dbcb371c1968e1",
      "dependencies": {},
      "id": "p56788fa3dab3e73a",
      "name": "mingcute",
      "ref": "master",
      "url": "https://github.com/kryonlabs/mingcute.git"
    },
    {
      "commit": "fafa2cea97d0cb379d832086ba45a989fa6f9c8e",
      "dependencies": {},
      "id": "p5a77c9c35110e925",
      "name": "raylib",
      "ref": "fafa2cea97d0cb379d832086ba45a989fa6f9c8e",
      "source": true,
      "url": "https://github.com/raysan5/raylib.git"
    },
    {
      "commit": "eba5a07370e6fb8260274a867e8cc7edcd67b89c",
      "dependencies": {"raylib": "p5a77c9c35110e925"},
      "id": "pa609145f4004c02f",
      "name": "kryon",
      "ref": "master",
      "url": "https://github.com/kryonlabs/kryon.git"
    }
  ],
  "root": {
    "dependencies": {"kryon": "pa609145f4004c02f", "mingcute": "p56788fa3dab3e73a"},
    "name": "Pass"
  },
  "toolchain": {
    "commit": "c0e0e9847d9bf7c5e4368ec2745c3e7262323b50",
    "ref": "master",
    "url": "https://github.com/ziranlang/ziran.git"
  }
}
