{
  "format": 1,
  "packages": [
    {
      "commit": "933691600cf10e81b1f53d9919dbcb371c1968e1",
      "dependencies": {},
      "id": "p56788fa3dab3e73a",
      "name": "mingcute",
      "ref": "master",
      "url": "https://github.com/kryonlabs/mingcute.git"
    },
    {
      "commit": "fafa2cea97d0cb379d832086ba45a989fa6f9c8e",
      "dependencies": {},
      "id": "p5a77c9c35110e925",
      "name": "raylib",
      "ref": "fafa2cea97d0cb379d832086ba45a989fa6f9c8e",
      "source": true,
      "url": "https://github.com/raysan5/raylib.git"
    },
    {
      "commit": "d2e42eb4e4cbd91e3ca77ba16bc572d5c6194be7",
      "dependencies": {"raylib": "p5a77c9c35110e925"},
      "id": "p0d6eb0aa73603730",
      "name": "Kryon",
      "ref": "master",
      "url": "https://github.com/kryonlabs/kryon.git"
    }
  ],
  "root": {
    "dependencies": {"Kryon": "p0d6eb0aa73603730", "mingcute": "p56788fa3dab3e73a"},
    "name": "Pass"
  },
  "toolchain": {
    "commit": "9ac567b0a8edf7a7734a8f830bb0c31a781999c3",
    "ref": "master",
    "url": "https://github.com/ziranlang/ziran.git"
  }
}
